// !$*UTF8*$!
{
	archiveVersion = 1;
	classes = {
	};
	objectVersion = 77;
	objects = {

/* Begin PBXContainerItemProxy section */
		6E7891D42F0BECB2005DF9AF /* PBXContainerItemProxy */ = {
			isa = PBXContainerItemProxy;
			containerPortal = 6E7891BE2F0BECAF005DF9AF /* Project object */;
			proxyType = 1;
			remoteGlobalIDString = 6E7891C52F0BECAF005DF9AF;
			remoteInfo = ydevARApp;
		};
		6E7891DE2F0BECB2005DF9AF /* PBXContainerItemProxy */ = {
			isa = PBXContainerItemProxy;
			containerPortal = 6E7891BE2F0BECAF005DF9AF /* Project object */;
			proxyType = 1;
			remoteGlobalIDString = 6E7891C52F0BECAF005DF9AF;
			remoteInfo = ydevARApp;
		};
/* End PBXContainerItemProxy section */

/* Begin PBXFileReference section */
		6E7891C62F0BECAF005DF9AF /* ydevARApp.app */ = {isa = PBXFileReference; explicitFileType = wrapper.application; includeInIndex = 0; path = ydevARApp.app; sourceTree = BUILT_PRODUCTS_DIR; };
		6E7891D32F0BECB2005DF9AF /* ydevARAppTests.xctest */ = {isa = PBXFileReference; explicitFileType = wrapper.cfbundle; includeInIndex = 0; path = ydevARAppTests.xctest; sourceTree = BUILT_PRODUCTS_DIR; };
		6E7891DD2F0BECB2005DF9AF /* ydevARAppUITests.xctest */ = {isa = PBXFileReference; explicitFileType = wrapper.cfbundle; includeInIndex = 0; path = ydevARAppUITests.xctest; sourceTree = BUILT_PRODUCTS_DIR; };
/* End PBXFileReference section */

/* Begin PBXFileSystemSynchronizedRootGroup section */
		6E7891C82F0BECAF005DF9AF /* ydevARApp */ = {
			isa = PBXFileSystemSynchronizedRootGroup;
			path = ydevARApp;
			sourceTree = "<group>";
		};
		6E7891D62F0BECB2005DF9AF /* ydevARAppTests */ = {
			isa = PBXFileSystemSynchronizedRootGroup;
			path = ydevARAppTests;
			sourceTree = "<group>";
		};
		6E7891E02F0BECB2005DF9AF /* ydevARAppUITests */ = {
			isa = PBXFileSystemSynchronizedRootGroup;
			path = ydevARAppUITests;
			sourceTree = "<group>";
		};
/* End PBXFileSystemSynchronizedRootGroup section */

/* Begin PBXFrameworksBuildPhase section */
		6E7891C32F0BECAF005DF9AF /* Frameworks */ = {
			isa = PBXFrameworksBuildPhase;
			buildActionMask = 2147483647;
			files = (
			);
			runOnlyForDeploymentPostprocessing = 0;
		};
		6E7891D02F0BECB2005DF9AF /* Frameworks */ = {
			isa = PBXFrameworksBuildPhase;
			buildActionMask = 2147483647;
			files = (
			);
			runOnlyForDeploymentPostprocessing = 0;
		};
		6E7891DA2F0BECB2005DF9AF /* Frameworks */ = {
			isa = PBXFrameworksBuildPhase;
			buildActionMask = 2147483647;
			files = (
			);
			runOnlyForDeploymentPostprocessing = 0;
		};
/* End PBXFrameworksBuildPhase section */

/* Begin PBXGroup section */
		6E7891BD2F0BECAF005DF9AF = {
			isa = PBXGroup;
			children = (
				6E7891C82F0BECAF005DF9AF /* ydevARApp */,
				6E7891D62F0BECB2005DF9AF /* ydevARAppTests */,
				6E7891E02F0BECB2005DF9AF /* ydevARAppUITests */,
				6E7891C72F0BECAF005DF9AF /* Products */,
			);
			sourceTree = "<group>";
		};
		6E7891C72F0BECAF005DF9AF /* Products */ = {
			isa = PBXGroup;
			children = (
				6E7891C62F0BECAF005DF9AF /* ydevARApp.app */,
				6E7891D32F0BECB2005DF9AF /* ydevARAppTests.xctest */,
				6E7891DD2F0BECB2005DF9AF /* ydevARAppUITests.xctest */,
			);
			name = Products;
			sourceTree = "<group>";
		};
/* End PBXGroup section */

/* Begin PBXNativeTarget section */
		6E7891C52F0BECAF005DF9AF /* ydevARApp */ = {
			isa = PBXNativeTarget;
			buildConfigurationList = 6E7891E72F0BECB2005DF9AF /* Build configuration list for PBXNativeTarget "ydevARApp" */;
			buildPhases = (
				6E7891C22F0BECAF005DF9AF /* Sources */,
				6E7891C32F0BECAF005DF9AF /* Frameworks */,
				6E7891C42F0BECAF005DF9AF /* Resources */,
			);
			buildRules = (
			);
			dependencies = (
			);
			fileSystemSynchronizedGroups = (
				6E7891C82F0BECAF005DF9AF /* ydevARApp */,
			);
			name = ydevARApp;
			packageProductDependencies = (
			);
			productName = ydevARApp;
			productReference = 6E7891C62F0BECAF005DF9AF /* ydevARApp.app */;
			productType = "com.apple.product-type.application";
		};
		6E7891D22F0BECB2005DF9AF /* ydevARAppTests */ = {
			isa = PBXNativeTarget;
			buildConfigurationList = 6E7891EA2F0BECB2005DF9AF /* Build configuration list for PBXNativeTarget "ydevARAppTests" */;
			buildPhases = (
				6E7891CF2F0BECB2005DF9AF /* Sources */,
				6E7891D02F0BECB2005DF9AF /* Frameworks */,
				6E7891D12F0BECB2005DF9AF /* Resources */,
			);
			buildRules = (
			);
			dependencies = (
				6E7891D52F0BECB2005DF9AF /* PBXTargetDependency */,
			);
			fileSystemSynchronizedGroups = (
				6E7891D62F0BECB2005DF9AF /* ydevARAppTests */,
			);
			name = ydevARAppTests;
			packageProductDependencies = (
			);
			productName = ydevARAppTests;
			productReference = 6E7891D32F0BECB2005DF9AF /* ydevARAppTests.xctest */;
			productType = "com.apple.product-type.bundle.unit-test";
		};
		6E7891DC2F0BECB2005DF9AF /* ydevARAppUITests */ = {
			isa = PBXNativeTarget;
			buildConfigurationList = 6E7891ED2F0BECB2005DF9AF /* Build configuration list for PBXNativeTarget "ydevARAppUITests" */;
			buildPhases = (
				6E7891D92F0BECB2005DF9AF /* Sources */,
				6E7891DA2F0BECB2005DF9AF /* Frameworks */,
				6E7891DB2F0BECB2005DF9AF /* Resources */,
			);
			buildRules = (
			);
			dependencies = (
				6E7891DF2F0BECB2005DF9AF /* PBXTargetDependency */,
			);
			fileSystemSynchronizedGroups = (
				6E7891E02F0BECB2005DF9AF /* ydevARAppUITests */,
			);
			name = ydevARAppUITests;
			packageProductDependencies = (
			);
			productName = ydevARAppUITests;
			productReference = 6E7891DD2F0BECB2005DF9AF /* ydevARAppUITests.xctest */;
			productType = "com.apple.product-type.bundle.ui-testing";
		};
/* End PBXNativeTarget section */

/* Begin PBXProject section */
		6E7891BE2F0BECAF005DF9AF /* Project object */ = {
			isa = PBXProject;
			attributes = {
				BuildIndependentTargetsInParallel = 1;
				LastSwiftUpdateCheck = 2620;
				LastUpgradeCheck = 2620;
				TargetAttributes = {
					6E7891C52F0BECAF005DF9AF = {
						CreatedOnToolsVersion = 26.2;
					};
					6E7891D22F0BECB2005DF9AF = {
						CreatedOnToolsVersion = 26.2;
						TestTargetID = 6E7891C52F0BECAF005DF9AF;
					};
					6E7891DC2F0BECB2005DF9AF = {
						CreatedOnToolsVersion = 26.2;
						TestTargetID = 6E7891C52F0BECAF005DF9AF;
					};
				};
			};
			buildConfigurationList = 6E7891C12F0BECAF005DF9AF /* Build configuration list for PBXProject "ydevARApp" */;
			developmentRegion = en;
			hasScannedForEncodings = 0;
			knownRegions = (
				en,
				Base,
			);
			mainGroup = 6E7891BD2F0BECAF005DF9AF;
			minimizedProjectReferenceProxies = 1;
			preferredProjectObjectVersion = 77;
			productRefGroup = 6E7891C72F0BECAF005DF9AF /* Products */;
			projectDirPath = "";
			projectRoot = "";
			targets = (
				6E7891C52F0BECAF005DF9AF /* ydevARApp */,
				6E7891D22F0BECB2005DF9AF /* ydevARAppTests */,
				6E7891DC2F0BECB2005DF9AF /* ydevARAppUITests */,
			);
		};
/* End PBXProject section */

/* Begin PBXResourcesBuildPhase section */
		6E7891C42F0BECAF005DF9AF /* Resources */ = {
			isa = PBXResourcesBuildPhase;
			buildActionMask = 2147483647;
			files = (
			);
			runOnlyForDeploymentPostprocessing = 0;
		};
		6E7891D12F0BECB2005DF9AF /* Resources */ = {
			isa = PBXResourcesBuildPhase;
			buildActionMask = 2147483647;
			files = (
			);
			runOnlyForDeploymentPostprocessing = 0;
		};
		6E7891DB2F0BECB2005DF9AF /* Resources */ = {
			isa = PBXResourcesBuildPhase;
			buildActionMask = 2147483647;
			files = (
			);
			runOnlyForDeploymentPostprocessing = 0;
		};
/* End PBXResourcesBuildPhase section */

/* Begin PBXSourcesBuildPhase section */
		6E7891C22F0BECAF005DF9AF /* Sources */ = {
			isa = PBXSourcesBuildPhase;
			buildActionMask = 2147483647;
			files = (
			);
			runOnlyForDeploymentPostprocessing = 0;
		};
		6E7891CF2F0BECB2005DF9AF /* Sources */ = {
			isa = PBXSourcesBuildPhase;
			buildActionMask = 2147483647;
			files = (
			);
			runOnlyForDeploymentPostprocessing = 0;
		};
		6E7891D92F0BECB2005DF9AF /* Sources */ = {
			isa = PBXSourcesBuildPhase;
			buildActionMask = 2147483647;
			files = (
			);
			runOnlyForDeploymentPostprocessing = 0;
		};
/* End PBXSourcesBuildPhase section */

/* Begin PBXTargetDependency section */
		6E7891D52F0BECB2005DF9AF /* PBXTargetDependency */ = {
			isa = PBXTargetDependency;
			target = 6E7891C52F0BECAF005DF9AF /* ydevARApp */;
			targetProxy = 6E7891D42F0BECB2005DF9AF /* PBXContainerItemProxy */;
		};
		6E7891DF2F0BECB2005DF9AF /* PBXTargetDependency */ = {
			isa = PBXTargetDependency;
			target = 6E7891C52F0BECAF005DF9AF /* ydevARApp */;
			targetProxy = 6E7891DE2F0BECB2005DF9AF /* PBXContainerItemProxy */;
		};
/* End PBXTargetDependency section */

/* Begin XCBuildConfiguration section */
		6E7891E52F0BECB2005DF9AF /* Debug */ = {
			isa = XCBuildConfiguration;
			buildSettings = {
				ALWAYS_SEARCH_USER_PATHS = NO;
				ASSETCATALOG_COMPILER_GENERATE_SWIFT_ASSET_SYMBOL_EXTENSIONS = YES;
				CLANG_ANALYZER_NONNULL = YES;
				CLANG_ANALYZER_NUMBER_OBJECT_CONVERSION = YES_AGGRESSIVE;
				CLANG_CXX_LANGUAGE_STANDARD = "gnu++20";
				CLANG_ENABLE_MODULES = YES;
				CLANG_ENABLE_OBJC_ARC = YES;
				CLANG_ENABLE_OBJC_WEAK = YES;
				CLANG_WARN_BLOCK_CAPTURE_AUTORELEASING = YES;
				CLANG_WARN_BOOL_CONVERSION = YES;
				CLANG_WARN_COMMA = YES;
				CLANG_WARN_CONSTANT_CONVERSION = YES;
				CLANG_WARN_DEPRECATED_OBJC_IMPLEMENTATIONS = YES;
				CLANG_WARN_DIRECT_OBJC_ISA_USAGE = YES_ERROR;
				CLANG_WARN_DOCUMENTATION_COMMENTS = YES;
				CLANG_WARN_EMPTY_BODY = YES;
				CLANG_WARN_ENUM_CONVERSION = YES;
				CLANG_WARN_INFINITE_RECURSION = YES;
				CLANG_WARN_INT_CONVERSION = YES;
				CLANG_WARN_NON_LITERAL_NULL_CONVERSION = YES;
				CLANG_WARN_OBJC_IMPLICIT_RETAIN_SELF = YES;
				CLANG_WARN_OBJC_LITERAL_CONVERSION = YES;
				CLANG_WARN_OBJC_ROOT_CLASS = YES_ERROR;
				CLANG_WARN_QUOTED_INCLUDE_IN_FRAMEWORK_HEADER = YES;
				CLANG_WARN_RANGE_LOOP_ANALYSIS = YES;
				CLANG_WARN_STRICT_PROTOTYPES = YES;
				CLANG_WARN_SUSPICIOUS_MOVE = YES;
				CLANG_WARN_UNGUARDED_AVAILABILITY = YES_AGGRESSIVE;
				CLANG_WARN_UNREACHABLE_CODE = YES;
				CLANG_WARN__DUPLICATE_METHOD_MATCH = YES;
				COPY_PHASE_STRIP = NO;
				DEBUG_INFORMATION_FORMAT = dwarf;
				DEVELOPMENT_TEAM = TNU5GR62GT;
				ENABLE_STRICT_OBJC_MSGSEND = YES;
				ENABLE_TESTABILITY = YES;
				ENABLE_USER_SCRIPT_SANDBOXING = YES;
				GCC_C_LANGUAGE_STANDARD = gnu17;
				GCC_DYNAMIC_NO_PIC = NO;
				GCC_NO_COMMON_BLOCKS = YES;
				GCC_OPTIMIZATION_LEVEL = 0;
				GCC_PREPROCESSOR_DEFINITIONS = (
					"DEBUG=1",
					"$(inherited)",
				);
				GCC_WARN_64_TO_32_BIT_CONVERSION = YES;
				GCC_WARN_ABOUT_RETURN_TYPE = YES_ERROR;
				GCC_WARN_UNDECLARED_SELECTOR = YES;
				GCC_WARN_UNINITIALIZED_AUTOS = YES_AGGRESSIVE;
				GCC_WARN_UNUSED_FUNCTION = YES;
				GCC_WARN_UNUSED_VARIABLE = YES;
				IPHONEOS_DEPLOYMENT_TARGET = 17.0;
				LOCALIZATION_PREFERS_STRING_CATALOGS = YES;
				MTL_ENABLE_DEBUG_INFO = INCLUDE_SOURCE;
				MTL_FAST_MATH = YES;
				ONLY_ACTIVE_ARCH = YES;
				SDKROOT = iphoneos;
				SWIFT_ACTIVE_COMPILATION_CONDITIONS = "DEBUG $(inherited)";
				SWIFT_OPTIMIZATION_LEVEL = "-Onone";
			};
			name = Debug;
		};
		6E7891E62F0BECB2005DF9AF /* Release */ = {
			isa = XCBuildConfiguration;
			buildSettings = {
				ALWAYS_SEARCH_USER_PATHS = NO;
				ASSETCATALOG_COMPILER_GENERATE_SWIFT_ASSET_SYMBOL_EXTENSIONS = YES;
				CLANG_ANALYZER_NONNULL = YES;
				CLANG_ANALYZER_NUMBER_OBJECT_CONVERSION = YES_AGGRESSIVE;
				CLANG_CXX_LANGUAGE_STANDARD = "gnu++20";
				CLANG_ENABLE_MODULES = YES;
				CLANG_ENABLE_OBJC_ARC = YES;
				CLANG_ENABLE_OBJC_WEAK = YES;
				CLANG_WARN_BLOCK_CAPTURE_AUTORELEASING = YES;
				CLANG_WARN_BOOL_CONVERSION = YES;
				CLANG_WARN_COMMA = YES;
				CLANG_WARN_CONSTANT_CONVERSION = YES;
				CLANG_WARN_DEPRECATED_OBJC_IMPLEMENTATIONS = YES;
				CLANG_WARN_DIRECT_OBJC_ISA_USAGE = YES_ERROR;
				CLANG_WARN_DOCUMENTATION_COMMENTS = YES;
				CLANG_WARN_EMPTY_BODY = YES;
				CLANG_WARN_ENUM_CONVERSION = YES;
				CLANG_WARN_INFINITE_RECURSION = YES;
				CLANG_WARN_INT_CONVERSION = YES;
				CLANG_WARN_NON_LITERAL_NULL_CONVERSION = YES;
				CLANG_WARN_OBJC_IMPLICIT_RETAIN_SELF = YES;
				CLANG_WARN_OBJC_LITERAL_CONVERSION = YES;
				CLANG_WARN_OBJC_ROOT_CLASS = YES_ERROR;
				CLANG_WARN_QUOTED_INCLUDE_IN_FRAMEWORK_HEADER = YES;
				CLANG_WARN_RANGE_LOOP_ANALYSIS = YES;
				CLANG_WARN_STRICT_PROTOTYPES = YES;
				CLANG_WARN_SUSPICIOUS_MOVE = YES;
				CLANG_WARN_UNGUARDED_AVAILABILITY = YES_AGGRESSIVE;
				CLANG_WARN_UNREACHABLE_CODE = YES;
				CLANG_WARN__DUPLICATE_METHOD_MATCH = YES;
				COPY_PHASE_STRIP = NO;
				DEBUG_INFORMATION_FORMAT = "dwarf-with-dsym";
				DEVELOPMENT_TEAM = TNU5GR62GT;
				ENABLE_NS_ASSERTIONS = NO;
				ENABLE_STRICT_OBJC_MSGSEND = YES;
				ENABLE_USER_SCRIPT_SANDBOXING = YES;
				GCC_C_LANGUAGE_STANDARD = gnu17;
				GCC_NO_COMMON_BLOCKS = YES;
				GCC_WARN_64_TO_32_BIT_CONVERSION = YES;
				GCC_WARN_ABOUT_RETURN_TYPE = YES_ERROR;
				GCC_WARN_UNDECLARED_SELECTOR = YES;
				GCC_WARN_UNINITIALIZED_AUTOS = YES_AGGRESSIVE;
				GCC_WARN_UNUSED_FUNCTION = YES;
				GCC_WARN_UNUSED_VARIABLE = YES;
				IPHONEOS_DEPLOYMENT_TARGET = 17.0;
				LOCALIZATION_PREFERS_STRING_CATALOGS = YES;
				MTL_ENABLE_DEBUG_INFO = NO;
				MTL_FAST_MATH = YES;
				SDKROOT = iphoneos;
				SWIFT_COMPILATION_MODE = wholemodule;
				VALIDATE_PRODUCT = YES;
			};
			name = Release;
		};
		6E7891E82F0BECB2005DF9AF /* Debug */ = {
			isa = XCBuildConfiguration;
			buildSettings = {
				ASSETCATALOG_COMPILER_APPICON_NAME = AppIcon;
				ASSETCATALOG_COMPILER_GLOBAL_ACCENT_COLOR_NAME = AccentColor;
				CODE_SIGN_STYLE = Automatic;
				CURRENT_PROJECT_VERSION = 1;
				DEVELOPMENT_TEAM = TNU5GR62GT;
				ENABLE_PREVIEWS = YES;
				GENERATE_INFOPLIST_FILE = NO;
				INFOPLIST_FILE = "$(SRCROOT)/Info.plist";
				LD_RUNPATH_SEARCH_PATHS = (
					"$(inherited)",
					"@executable_path/Frameworks",
				);
				MARKETING_VERSION = 1.0;
				PRODUCT_BUNDLE_IDENTIFIER = com.dsgarage.ydevARApp;
				PRODUCT_NAME = "$(TARGET_NAME)";
				STRING_CATALOG_GENERATE_SYMBOLS = YES;
				SWIFT_APPROACHABLE_CONCURRENCY = YES;
				SWIFT_DEFAULT_ACTOR_ISOLATION = MainActor;
				SWIFT_EMIT_LOC_STRINGS = YES;
				SWIFT_UPCOMING_FEATURE_MEMBER_IMPORT_VISIBILITY = YES;
				SWIFT_VERSION = 5.0;
				TARGETED_DEVICE_FAMILY = "1,2";
			};
			name = Debug;
		};
		6E7891E92F0BECB2005DF9AF /* Release */ = {
			isa = XCBuildConfiguration;
			buildSettings = {
				ASSETCATALOG_COMPILER_APPICON_NAME = AppIcon;
				ASSETCATALOG_COMPILER_GLOBAL_ACCENT_COLOR_NAME = AccentColor;
				CODE_SIGN_STYLE = Automatic;
				CURRENT_PROJECT_VERSION = 1;
				DEVELOPMENT_TEAM = TNU5GR62GT;
				ENABLE_PREVIEWS = YES;
				GENERATE_INFOPLIST_FILE = NO;
				INFOPLIST_FILE = "$(SRCROOT)/Info.plist";
				LD_RUNPATH_SEARCH_PATHS = (
					"$(inherited)",
					"@executable_path/Frameworks",
				);
				MARKETING_VERSION = 1.0;
				PRODUCT_BUNDLE_IDENTIFIER = com.dsgarage.ydevARApp;
				PRODUCT_NAME = "$(TARGET_NAME)";
				STRING_CATALOG_GENERATE_SYMBOLS = YES;
				SWIFT_APPROACHABLE_CONCURRENCY = YES;
				SWIFT_DEFAULT_ACTOR_ISOLATION = MainActor;
				SWIFT_EMIT_LOC_STRINGS = YES;
				SWIFT_UPCOMING_FEATURE_MEMBER_IMPORT_VISIBILITY = YES;
				SWIFT_VERSION = 5.0;
				TARGETED_DEVICE_FAMILY = "1,2";
			};
			name = Release;
		};
		6E7891EB2F0BECB2005DF9AF /* Debug */ = {
			isa = XCBuildConfiguration;
			buildSettings = {
				BUNDLE_LOADER = "$(TEST_HOST)";
				CODE_SIGN_STYLE = Automatic;
				CURRENT_PROJECT_VERSION = 1;
				DEVELOPMENT_TEAM = TNU5GR62GT;
				GENERATE_INFOPLIST_FILE = YES;
				IPHONEOS_DEPLOYMENT_TARGET = 17.0;
				MARKETING_VERSION = 1.0;
				PRODUCT_BUNDLE_IDENTIFIER = com.3DModelChacker.ydevARAppTests;
				PRODUCT_NAME = "$(TARGET_NAME)";
				STRING_CATALOG_GENERATE_SYMBOLS = NO;
				SWIFT_APPROACHABLE_CONCURRENCY = YES;
				SWIFT_EMIT_LOC_STRINGS = NO;
				SWIFT_UPCOMING_FEATURE_MEMBER_IMPORT_VISIBILITY = YES;
				SWIFT_VERSION = 5.0;
				TARGETED_DEVICE_FAMILY = "1,2";
				TEST_HOST = "$(BUILT_PRODUCTS_DIR)/ydevARApp.app/$(BUNDLE_EXECUTABLE_FOLDER_PATH)/ydevARApp";
			};
			name = Debug;
		};
		6E7891EC2F0BECB2005DF9AF /* Release */ = {
			isa = XCBuildConfiguration;
			buildSettings = {
				BUNDLE_LOADER = "$(TEST_HOST)";
				CODE_SIGN_STYLE = Automatic;
				CURRENT_PROJECT_VERSION = 1;
				DEVELOPMENT_TEAM = TNU5GR62GT;
				GENERATE_INFOPLIST_FILE = YES;
				IPHONEOS_DEPLOYMENT_TARGET = 17.0;
				MARKETING_VERSION = 1.0;
				PRODUCT_BUNDLE_IDENTIFIER = com.3DModelChacker.ydevARAppTests;
				PRODUCT_NAME = "$(TARGET_NAME)";
				STRING_CATALOG_GENERATE_SYMBOLS = NO;
				SWIFT_APPROACHABLE_CONCURRENCY = YES;
				SWIFT_EMIT_LOC_STRINGS = NO;
				SWIFT_UPCOMING_FEATURE_MEMBER_IMPORT_VISIBILITY = YES;
				SWIFT_VERSION = 5.0;
				TARGETED_DEVICE_FAMILY = "1,2";
				TEST_HOST = "$(BUILT_PRODUCTS_DIR)/ydevARApp.app/$(BUNDLE_EXECUTABLE_FOLDER_PATH)/ydevARApp";
			};
			name = Release;
		};
		6E7891EE2F0BECB2005DF9AF /* Debug */ = {
			isa = XCBuildConfiguration;
			buildSettings = {
				CODE_SIGN_STYLE = Automatic;
				CURRENT_PROJECT_VERSION = 1;
				DEVELOPMENT_TEAM = TNU5GR62GT;
				GENERATE_INFOPLIST_FILE = YES;
				MARKETING_VERSION = 1.0;
				PRODUCT_BUNDLE_IDENTIFIER = com.3DModelChacker.ydevARAppUITests;
				PRODUCT_NAME = "$(TARGET_NAME)";
				STRING_CATALOG_GENERATE_SYMBOLS = NO;
				SWIFT_APPROACHABLE_CONCURRENCY = YES;
				SWIFT_EMIT_LOC_STRINGS = NO;
				SWIFT_UPCOMING_FEATURE_MEMBER_IMPORT_VISIBILITY = YES;
				SWIFT_VERSION = 5.0;
				TARGETED_DEVICE_FAMILY = "1,2";
				TEST_TARGET_NAME = ydevARApp;
			};
			name = Debug;
		};
		6E7891EF2F0BECB2005DF9AF /* Release */ = {
			isa = XCBuildConfiguration;
			buildSettings = {
				CODE_SIGN_STYLE = Automatic;
				CURRENT_PROJECT_VERSION = 1;
				DEVELOPMENT_TEAM = TNU5GR62GT;
				GENERATE_INFOPLIST_FILE = YES;
				MARKETING_VERSION = 1.0;
				PRODUCT_BUNDLE_IDENTIFIER = com.3DModelChacker.ydevARAppUITests;
				PRODUCT_NAME = "$(TARGET_NAME)";
				STRING_CATALOG_GENERATE_SYMBOLS = NO;
				SWIFT_APPROACHABLE_CONCURRENCY = YES;
				SWIFT_EMIT_LOC_STRINGS = NO;
				SWIFT_UPCOMING_FEATURE_MEMBER_IMPORT_VISIBILITY = YES;
				SWIFT_VERSION = 5.0;
				TARGETED_DEVICE_FAMILY = "1,2";
				TEST_TARGET_NAME = ydevARApp;
			};
			name = Release;
		};
/* End XCBuildConfiguration section */

/* Begin XCConfigurationList section */
		6E7891C12F0BECAF005DF9AF /* Build configuration list for PBXProject "ydevARApp" */ = {
			isa = XCConfigurationList;
			buildConfigurations = (
				6E7891E52F0BECB2005DF9AF /* Debug */,
				6E7891E62F0BECB2005DF9AF /* Release */,
			);
			defaultConfigurationIsVisible = 0;
			defaultConfigurationName = Release;
		};
		6E7891E72F0BECB2005DF9AF /* Build configuration list for PBXNativeTarget "ydevARApp" */ = {
			isa = XCConfigurationList;
			buildConfigurations = (
				6E7891E82F0BECB2005DF9AF /* Debug */,
				6E7891E92F0BECB2005DF9AF /* Release */,
			);
			defaultConfigurationIsVisible = 0;
			defaultConfigurationName = Release;
		};
		6E7891EA2F0BECB2005DF9AF /* Build configuration list for PBXNativeTarget "ydevARAppTests" */ = {
			isa = XCConfigurationList;
			buildConfigurations = (
				6E7891EB2F0BECB2005DF9AF /* Debug */,
				6E7891EC2F0BECB2005DF9AF /* Release */,
			);
			defaultConfigurationIsVisible = 0;
			defaultConfigurationName = Release;
		};
		6E7891ED2F0BECB2005DF9AF /* Build configuration list for PBXNativeTarget "ydevARAppUITests" */ = {
			isa = XCConfigurationList;
			buildConfigurations = (
				6E7891EE2F0BECB2005DF9AF /* Debug */,
				6E7891EF2F0BECB2005DF9AF /* Release */,
			);
			defaultConfigurationIsVisible = 0;
			defaultConfigurationName = Release;
		};
/* End XCConfigurationList section */
	};
	rootObject = 6E7891BE2F0BECAF005DF9AF /* Project object */;
}
